// !$*UTF8*$!
{
	archiveVersion = 1;
	classes = {
	};
	objectVersion = 55;
	objects = {

/* Begin PBXBuildFile section */
		625615EEE292519A93BEBAA0 /* Pods_lettuce_cook.framework in Frameworks */ = {isa = PBXBuildFile; fileRef = 86B74DBBC496AF1101B27297 /* Pods_lettuce_cook.framework */; };
		8437A7F4278E6013002416F1 /* MealAPICaller.swift in Sources */ = {isa = PBXBuildFile; fileRef = 8437A7F3278E6013002416F1 /* MealAPICaller.swift */; };
		845E6957278EE10000BF087F /* Meal.swift in Sources */ = {isa = PBXBuildFile; fileRef = 845E6956278EE10000BF087F /* Meal.swift */; };
		845E6959278EE1ED00BF087F /* MealAPIResponse.swift in Sources */ = {isa = PBXBuildFile; fileRef = 845E6958278EE1ED00BF087F /* MealAPIResponse.swift */; };
		845E695B278F0C8A00BF087F /* RecipeDetailsViewController.swift in Sources */ = {isa = PBXBuildFile; fileRef = 845E695A278F0C8A00BF087F /* RecipeDetailsViewController.swift */; };
		845E695F278F27CA00BF087F /* BrowseCollectionViewCell.swift in Sources */ = {isa = PBXBuildFile; fileRef = 845E695E278F27CA00BF087F /* BrowseCollectionViewCell.swift */; };
		845E69672790687C00BF087F /* TabBarController.swift in Sources */ = {isa = PBXBuildFile; fileRef = 845E69662790687C00BF087F /* TabBarController.swift */; };
		845E696E27916AC500BF087F /* BookmarksTableViewController.swift in Sources */ = {isa = PBXBuildFile; fileRef = 845E696D27916AC500BF087F /* BookmarksTableViewController.swift */; };
		845E697027916AD800BF087F /* BookmarkTableViewCell.swift in Sources */ = {isa = PBXBuildFile; fileRef = 845E696F27916AD800BF087F /* BookmarkTableViewCell.swift */; };
		845E69722791908400BF087F /* RecipeTableViewCell.swift in Sources */ = {isa = PBXBuildFile; fileRef = 845E69712791908400BF087F /* RecipeTableViewCell.swift */; };
		845E6974279190A900BF087F /* RecipeTableViewController.swift in Sources */ = {isa = PBXBuildFile; fileRef = 845E6973279190A900BF087F /* RecipeTableViewController.swift */; };
		845E697627919C2400BF087F /* CategoriesTableViewController.swift in Sources */ = {isa = PBXBuildFile; fileRef = 845E697527919C2400BF087F /* CategoriesTableViewController.swift */; };
		845E697827919C3A00BF087F /* CategoriesTableViewCell.swift in Sources */ = {isa = PBXBuildFile; fileRef = 845E697727919C3A00BF087F /* CategoriesTableViewCell.swift */; };
		845E697A2791AF4100BF087F /* Category.swift in Sources */ = {isa = PBXBuildFile; fileRef = 845E69792791AF4100BF087F /* Category.swift */; };
		845E697C2791B05700BF087F /* CategoriesAPIResponse.swift in Sources */ = {isa = PBXBuildFile; fileRef = 845E697B2791B05700BF087F /* CategoriesAPIResponse.swift */; };
		84B1117E278E3E0400B71776 /* AppDelegate.swift in Sources */ = {isa = PBXBuildFile; fileRef = 84B1117D278E3E0400B71776 /* AppDelegate.swift */; };
		84B11180278E3E0400B71776 /* SceneDelegate.swift in Sources */ = {isa = PBXBuildFile; fileRef = 84B1117F278E3E0400B71776 /* SceneDelegate.swift */; };
		84B11182278E3E0400B71776 /* HomeViewController.swift in Sources */ = {isa = PBXBuildFile; fileRef = 84B11181278E3E0400B71776 /* HomeViewController.swift */; };
		84B11185278E3E0400B71776 /* Main.storyboard in Resources */ = {isa = PBXBuildFile; fileRef = 84B11183278E3E0400B71776 /* Main.storyboard */; };
		84B11188278E3E0400B71776 /* lettuce_cook.xcdatamodeld in Sources */ = {isa = PBXBuildFile; fileRef = 84B11186278E3E0400B71776 /* lettuce_cook.xcdatamodeld */; };
		84B1118A278E3E0700B71776 /* Assets.xcassets in Resources */ = {isa = PBXBuildFile; fileRef = 84B11189278E3E0700B71776 /* Assets.xcassets */; };
		84B1118D278E3E0700B71776 /* LaunchScreen.storyboard in Resources */ = {isa = PBXBuildFile; fileRef = 84B1118B278E3E0700B71776 /* LaunchScreen.storyboard */; };
		84B11195278E40B000B71776 /* GoogleService-Info.plist in Resources */ = {isa = PBXBuildFile; fileRef = 84B11194278E40B000B71776 /* GoogleService-Info.plist */; };
		84B11199278E422D00B71776 /* Constants.swift in Sources */ = {isa = PBXBuildFile; fileRef = 84B11198278E422D00B71776 /* Constants.swift */; };
		84E9551D278E4501009821EB /* ProfileViewController.swift in Sources */ = {isa = PBXBuildFile; fileRef = 84E9551C278E4501009821EB /* ProfileViewController.swift */; };
		84E9551F278E498C009821EB /* LoginViewController.swift in Sources */ = {isa = PBXBuildFile; fileRef = 84E9551E278E498C009821EB /* LoginViewController.swift */; };
		84E95521278E4998009821EB /* SignUpViewController.swift in Sources */ = {isa = PBXBuildFile; fileRef = 84E95520278E4998009821EB /* SignUpViewController.swift */; };
/* End PBXBuildFile section */

/* Begin PBXFileReference section */
		5AEEB46E8596219B5CC89170 /* Pods-lettuce-cook.debug.xcconfig */ = {isa = PBXFileReference; includeInIndex = 1; lastKnownFileType = text.xcconfig; name = "Pods-lettuce-cook.debug.xcconfig"; path = "Target Support Files/Pods-lettuce-cook/Pods-lettuce-cook.debug.xcconfig"; sourceTree = "<group>"; };
		8437A7F3278E6013002416F1 /* MealAPICaller.swift */ = {isa = PBXFileReference; lastKnownFileType = sourcecode.swift; path = MealAPICaller.swift; sourceTree = "<group>"; };
		845E6956278EE10000BF087F /* Meal.swift */ = {isa = PBXFileReference; lastKnownFileType = sourcecode.swift; path = Meal.swift; sourceTree = "<group>"; };
		845E6958278EE1ED00BF087F /* MealAPIResponse.swift */ = {isa = PBXFileReference; lastKnownFileType = sourcecode.swift; path = MealAPIResponse.swift; sourceTree = "<group>"; };
		845E695A278F0C8A00BF087F /* RecipeDetailsViewController.swift */ = {isa = PBXFileReference; lastKnownFileType = sourcecode.swift; path = RecipeDetailsViewController.swift; sourceTree = "<group>"; };
		845E695E278F27CA00BF087F /* BrowseCollectionViewCell.swift */ = {isa = PBXFileReference; lastKnownFileType = sourcecode.swift; path = BrowseCollectionViewCell.swift; sourceTree = "<group>"; };
		845E69662790687C00BF087F /* TabBarController.swift */ = {isa = PBXFileReference; lastKnownFileType = sourcecode.swift; path = TabBarController.swift; sourceTree = "<group>"; };
		845E696D27916AC500BF087F /* BookmarksTableViewController.swift */ = {isa = PBXFileReference; lastKnownFileType = sourcecode.swift; path = BookmarksTableViewController.swift; sourceTree = "<group>"; };
		845E696F27916AD800BF087F /* BookmarkTableViewCell.swift */ = {isa = PBXFileReference; lastKnownFileType = sourcecode.swift; path = BookmarkTableViewCell.swift; sourceTree = "<group>"; };
		845E69712791908400BF087F /* RecipeTableViewCell.swift */ = {isa = PBXFileReference; lastKnownFileType = sourcecode.swift; path = RecipeTableViewCell.swift; sourceTree = "<group>"; };
		845E6973279190A900BF087F /* RecipeTableViewController.swift */ = {isa = PBXFileReference; lastKnownFileType = sourcecode.swift; path = RecipeTableViewController.swift; sourceTree = "<group>"; };
		845E697527919C2400BF087F /* CategoriesTableViewController.swift */ = {isa = PBXFileReference; lastKnownFileType = sourcecode.swift; path = CategoriesTableViewController.swift; sourceTree = "<group>"; };
		845E697727919C3A00BF087F /* CategoriesTableViewCell.swift */ = {isa = PBXFileReference; lastKnownFileType = sourcecode.swift; path = CategoriesTableViewCell.swift; sourceTree = "<group>"; };
		845E69792791AF4100BF087F /* Category.swift */ = {isa = PBXFileReference; lastKnownFileType = sourcecode.swift; path = Category.swift; sourceTree = "<group>"; };
		845E697B2791B05700BF087F /* CategoriesAPIResponse.swift */ = {isa = PBXFileReference; lastKnownFileType = sourcecode.swift; path = CategoriesAPIResponse.swift; sourceTree = "<group>"; };
		849882CA57AEE83748C3D932 /* Pods-lettuce-cook.release.xcconfig */ = {isa = PBXFileReference; includeInIndex = 1; lastKnownFileType = text.xcconfig; name = "Pods-lettuce-cook.release.xcconfig"; path = "Target Support Files/Pods-lettuce-cook/Pods-lettuce-cook.release.xcconfig"; sourceTree = "<group>"; };
		84B1117A278E3E0400B71776 /* lettuce-cook.app */ = {isa = PBXFileReference; explicitFileType = wrapper.application; includeInIndex = 0; path = "lettuce-cook.app"; sourceTree = BUILT_PRODUCTS_DIR; };
		84B1117D278E3E0400B71776 /* AppDelegate.swift */ = {isa = PBXFileReference; lastKnownFileType = sourcecode.swift; path = AppDelegate.swift; sourceTree = "<group>"; };
		84B1117F278E3E0400B71776 /* SceneDelegate.swift */ = {isa = PBXFileReference; lastKnownFileType = sourcecode.swift; path = SceneDelegate.swift; sourceTree = "<group>"; };
		84B11181278E3E0400B71776 /* HomeViewController.swift */ = {isa = PBXFileReference; lastKnownFileType = sourcecode.swift; path = HomeViewController.swift; sourceTree = "<group>"; };
		84B11184278E3E0400B71776 /* Base */ = {isa = PBXFileReference; lastKnownFileType = file.storyboard; name = Base; path = Base.lproj/Main.storyboard; sourceTree = "<group>"; };
		84B11187278E3E0400B71776 /* lettuce_cook.xcdatamodel */ = {isa = PBXFileReference; lastKnownFileType = wrapper.xcdatamodel; path = lettuce_cook.xcdatamodel; sourceTree = "<group>"; };
		84B11189278E3E0700B71776 /* Assets.xcassets */ = {isa = PBXFileReference; lastKnownFileType = folder.assetcatalog; path = Assets.xcassets; sourceTree = "<group>"; };
		84B1118C278E3E0700B71776 /* Base */ = {isa = PBXFileReference; lastKnownFileType = file.storyboard; name = Base; path = Base.lproj/LaunchScreen.storyboard; sourceTree = "<group>"; };
		84B1118E278E3E0700B71776 /* Info.plist */ = {isa = PBXFileReference; lastKnownFileType = text.plist.xml; path = Info.plist; sourceTree = "<group>"; };
		84B11194278E40B000B71776 /* GoogleService-Info.plist */ = {isa = PBXFileReference; fileEncoding = 4; lastKnownFileType = text.plist.xml; path = "GoogleService-Info.plist"; sourceTree = "<group>"; };
		84B11198278E422D00B71776 /* Constants.swift */ = {isa = PBXFileReference; lastKnownFileType = sourcecode.swift; path = Constants.swift; sourceTree = "<group>"; };
		84E9551C278E4501009821EB /* ProfileViewController.swift */ = {isa = PBXFileReference; lastKnownFileType = sourcecode.swift; path = ProfileViewController.swift; sourceTree = "<group>"; };
		84E9551E278E498C009821EB /* LoginViewController.swift */ = {isa = PBXFileReference; lastKnownFileType = sourcecode.swift; path = LoginViewController.swift; sourceTree = "<group>"; };
		84E95520278E4998009821EB /* SignUpViewController.swift */ = {isa = PBXFileReference; lastKnownFileType = sourcecode.swift; path = SignUpViewController.swift; sourceTree = "<group>"; };
		86B74DBBC496AF1101B27297 /* Pods_lettuce_cook.framework */ = {isa = PBXFileReference; explicitFileType = wrapper.framework; includeInIndex = 0; path = Pods_lettuce_cook.framework; sourceTree = BUILT_PRODUCTS_DIR; };
/* End PBXFileReference section */

/* Begin PBXFrameworksBuildPhase section */
		84B11177278E3E0400B71776 /* Frameworks */ = {
			isa = PBXFrameworksBuildPhase;
			buildActionMask = 2147483647;
			files = (
				625615EEE292519A93BEBAA0 /* Pods_lettuce_cook.framework in Frameworks */,
			);
			runOnlyForDeploymentPostprocessing = 0;
		};
/* End PBXFrameworksBuildPhase section */

/* Begin PBXGroup section */
		1942B3758F9F1D474CC4A4C1 /* Frameworks */ = {
			isa = PBXGroup;
			children = (
				86B74DBBC496AF1101B27297 /* Pods_lettuce_cook.framework */,
			);
			name = Frameworks;
			sourceTree = "<group>";
		};
		2A50B28E6110A84C3955ED12 /* Pods */ = {
			isa = PBXGroup;
			children = (
				5AEEB46E8596219B5CC89170 /* Pods-lettuce-cook.debug.xcconfig */,
				849882CA57AEE83748C3D932 /* Pods-lettuce-cook.release.xcconfig */,
			);
			path = Pods;
			sourceTree = "<group>";
		};
		8437A7F2278E6002002416F1 /* APICallers */ = {
			isa = PBXGroup;
			children = (
				8437A7F3278E6013002416F1 /* MealAPICaller.swift */,
			);
			path = APICallers;
			sourceTree = "<group>";
		};
		845E6955278EE0F600BF087F /* Models */ = {
			isa = PBXGroup;
			children = (
				845E6956278EE10000BF087F /* Meal.swift */,
				845E6958278EE1ED00BF087F /* MealAPIResponse.swift */,
				845E69792791AF4100BF087F /* Category.swift */,
				845E697B2791B05700BF087F /* CategoriesAPIResponse.swift */,
			);
			path = Models;
			sourceTree = "<group>";
		};
		845E695D278F27A000BF087F /* CollectionViews */ = {
			isa = PBXGroup;
			children = (
				845E695E278F27CA00BF087F /* BrowseCollectionViewCell.swift */,
			);
			path = CollectionViews;
			sourceTree = "<group>";
		};
		845E69652790686D00BF087F /* TabBarControllers */ = {
			isa = PBXGroup;
			children = (
				845E69662790687C00BF087F /* TabBarController.swift */,
			);
			path = TabBarControllers;
			sourceTree = "<group>";
		};
		845E696A27916A9A00BF087F /* TableViewCells */ = {
			isa = PBXGroup;
			children = (
				845E696F27916AD800BF087F /* BookmarkTableViewCell.swift */,
				845E69712791908400BF087F /* RecipeTableViewCell.swift */,
				845E697727919C3A00BF087F /* CategoriesTableViewCell.swift */,
			);
			path = TableViewCells;
			sourceTree = "<group>";
		};
		845E696C27916AB100BF087F /* TableViewControllers */ = {
			isa = PBXGroup;
			children = (
				845E696D27916AC500BF087F /* BookmarksTableViewController.swift */,
				845E6973279190A900BF087F /* RecipeTableViewController.swift */,
				845E697527919C2400BF087F /* CategoriesTableViewController.swift */,
			);
			path = TableViewControllers;
			sourceTree = "<group>";
		};
		84B11171278E3E0400B71776 = {
			isa = PBXGroup;
			children = (
				84B1117C278E3E0400B71776 /* lettuce-cook */,
				84B1117B278E3E0400B71776 /* Products */,
				2A50B28E6110A84C3955ED12 /* Pods */,
				1942B3758F9F1D474CC4A4C1 /* Frameworks */,
			);
			sourceTree = "<group>";
		};
		84B1117B278E3E0400B71776 /* Products */ = {
			isa = PBXGroup;
			children = (
				84B1117A278E3E0400B71776 /* lettuce-cook.app */,
			);
			name = Products;
			sourceTree = "<group>";
		};
		84B1117C278E3E0400B71776 /* lettuce-cook */ = {
			isa = PBXGroup;
			children = (
				845E696C27916AB100BF087F /* TableViewControllers */,
				845E696A27916A9A00BF087F /* TableViewCells */,
				845E69652790686D00BF087F /* TabBarControllers */,
				845E695D278F27A000BF087F /* CollectionViews */,
				845E6955278EE0F600BF087F /* Models */,
				8437A7F2278E6002002416F1 /* APICallers */,
				84B11197278E421200B71776 /* Helpers */,
				84B11196278E420700B71776 /* ViewControllers */,
				84B11194278E40B000B71776 /* GoogleService-Info.plist */,
				84B1117D278E3E0400B71776 /* AppDelegate.swift */,
				84B1117F278E3E0400B71776 /* SceneDelegate.swift */,
				84B11183278E3E0400B71776 /* Main.storyboard */,
				84B11189278E3E0700B71776 /* Assets.xcassets */,
				84B1118B278E3E0700B71776 /* LaunchScreen.storyboard */,
				84B1118E278E3E0700B71776 /* Info.plist */,
				84B11186278E3E0400B71776 /* lettuce_cook.xcdatamodeld */,
			);
			path = "lettuce-cook";
			sourceTree = "<group>";
		};
		84B11196278E420700B71776 /* ViewControllers */ = {
			isa = PBXGroup;
			children = (
				84E9551C278E4501009821EB /* ProfileViewController.swift */,
				84B11181278E3E0400B71776 /* HomeViewController.swift */,
				84E9551E278E498C009821EB /* LoginViewController.swift */,
				84E95520278E4998009821EB /* SignUpViewController.swift */,
				845E695A278F0C8A00BF087F /* RecipeDetailsViewController.swift */,
			);
			path = ViewControllers;
			sourceTree = "<group>";
		};
		84B11197278E421200B71776 /* Helpers */ = {
			isa = PBXGroup;
			children = (
				84B11198278E422D00B71776 /* Constants.swift */,
			);
			path = Helpers;
			sourceTree = "<group>";
		};
/* End PBXGroup section */

/* Begin PBXNativeTarget section */
		84B11179278E3E0400B71776 /* lettuce-cook */ = {
			isa = PBXNativeTarget;
			buildConfigurationList = 84B11191278E3E0700B71776 /* Build configuration list for PBXNativeTarget "lettuce-cook" */;
			buildPhases = (
				23192D859D488027F7AB9322 /* [CP] Check Pods Manifest.lock */,
				84B11176278E3E0400B71776 /* Sources */,
				84B11177278E3E0400B71776 /* Frameworks */,
				84B11178278E3E0400B71776 /* Resources */,
				FEAC64879750EA9D64AA60C6 /* [CP] Embed Pods Frameworks */,
			);
			buildRules = (
			);
			dependencies = (
			);
			name = "lettuce-cook";
			productName = "lettuce-cook";
			productReference = 84B1117A278E3E0400B71776 /* lettuce-cook.app */;
			productType = "com.apple.product-type.application";
		};
/* End PBXNativeTarget section */

/* Begin PBXProject section */
		84B11172278E3E0400B71776 /* Project object */ = {
			isa = PBXProject;
			attributes = {
				BuildIndependentTargetsInParallel = 1;
				LastSwiftUpdateCheck = 1320;
				LastUpgradeCheck = 1320;
				TargetAttributes = {
					84B11179278E3E0400B71776 = {
						CreatedOnToolsVersion = 13.2.1;
					};
				};
			};
			buildConfigurationList = 84B11175278E3E0400B71776 /* Build configuration list for PBXProject "lettuce-cook" */;
			compatibilityVersion = "Xcode 13.0";
			developmentRegion = en;
			hasScannedForEncodings = 0;
			knownRegions = (
				en,
				Base,
			);
			mainGroup = 84B11171278E3E0400B71776;
			productRefGroup = 84B1117B278E3E0400B71776 /* Products */;
			projectDirPath = "";
			projectRoot = "";
			targets = (
				84B11179278E3E0400B71776 /* lettuce-cook */,
			);
		};
/* End PBXProject section */

/* Begin PBXResourcesBuildPhase section */
		84B11178278E3E0400B71776 /* Resources */ = {
			isa = PBXResourcesBuildPhase;
			buildActionMask = 2147483647;
			files = (
				84B1118D278E3E0700B71776 /* LaunchScreen.storyboard in Resources */,
				84B11195278E40B000B71776 /* GoogleService-Info.plist in Resources */,
				84B1118A278E3E0700B71776 /* Assets.xcassets in Resources */,
				84B11185278E3E0400B71776 /* Main.storyboard in Resources */,
			);
			runOnlyForDeploymentPostprocessing = 0;
		};
/* End PBXResourcesBuildPhase section */

/* Begin PBXShellScriptBuildPhase section */
		23192D859D488027F7AB9322 /* [CP] Check Pods Manifest.lock */ = {
			isa = PBXShellScriptBuildPhase;
			buildActionMask = 2147483647;
			files = (
			);
			inputFileListPaths = (
			);
			inputPaths = (
				"${PODS_PODFILE_DIR_PATH}/Podfile.lock",
				"${PODS_ROOT}/Manifest.lock",
			);
			name = "[CP] Check Pods Manifest.lock";
			outputFileListPaths = (
			);
			outputPaths = (
				"$(DERIVED_FILE_DIR)/Pods-lettuce-cook-checkManifestLockResult.txt",
			);
			runOnlyForDeploymentPostprocessing = 0;
			shellPath = /bin/sh;
			shellScript = "diff \"${PODS_PODFILE_DIR_PATH}/Podfile.lock\" \"${PODS_ROOT}/Manifest.lock\" > /dev/null\nif [ $? != 0 ] ; then\n    # print error to STDERR\n    echo \"error: The sandbox is not in sync with the Podfile.lock. Run 'pod install' or update your CocoaPods installation.\" >&2\n    exit 1\nfi\n# This output is used by Xcode 'outputs' to avoid re-running this script phase.\necho \"SUCCESS\" > \"${SCRIPT_OUTPUT_FILE_0}\"\n";
			showEnvVarsInLog = 0;
		};
		FEAC64879750EA9D64AA60C6 /* [CP] Embed Pods Frameworks */ = {
			isa = PBXShellScriptBuildPhase;
			buildActionMask = 2147483647;
			files = (
			);
			inputFileListPaths = (
				"${PODS_ROOT}/Target Support Files/Pods-lettuce-cook/Pods-lettuce-cook-frameworks-${CONFIGURATION}-input-files.xcfilelist",
			);
			name = "[CP] Embed Pods Frameworks";
			outputFileListPaths = (
				"${PODS_ROOT}/Target Support Files/Pods-lettuce-cook/Pods-lettuce-cook-frameworks-${CONFIGURATION}-output-files.xcfilelist",
			);
			runOnlyForDeploymentPostprocessing = 0;
			shellPath = /bin/sh;
			shellScript = "\"${PODS_ROOT}/Target Support Files/Pods-lettuce-cook/Pods-lettuce-cook-frameworks.sh\"\n";
			showEnvVarsInLog = 0;
		};
/* End PBXShellScriptBuildPhase section */

/* Begin PBXSourcesBuildPhase section */
		84B11176278E3E0400B71776 /* Sources */ = {
			isa = PBXSourcesBuildPhase;
			buildActionMask = 2147483647;
			files = (
				845E6959278EE1ED00BF087F /* MealAPIResponse.swift in Sources */,
				845E695F278F27CA00BF087F /* BrowseCollectionViewCell.swift in Sources */,
				845E69672790687C00BF087F /* TabBarController.swift in Sources */,
				845E697027916AD800BF087F /* BookmarkTableViewCell.swift in Sources */,
				845E6957278EE10000BF087F /* Meal.swift in Sources */,
				84E9551F278E498C009821EB /* LoginViewController.swift in Sources */,
				84E9551D278E4501009821EB /* ProfileViewController.swift in Sources */,
				84E95521278E4998009821EB /* SignUpViewController.swift in Sources */,
				845E697A2791AF4100BF087F /* Category.swift in Sources */,
				84B11199278E422D00B71776 /* Constants.swift in Sources */,
				845E697827919C3A00BF087F /* CategoriesTableViewCell.swift in Sources */,
				845E6974279190A900BF087F /* RecipeTableViewController.swift in Sources */,
				8437A7F4278E6013002416F1 /* MealAPICaller.swift in Sources */,
				845E697C2791B05700BF087F /* CategoriesAPIResponse.swift in Sources */,
				845E697627919C2400BF087F /* CategoriesTableViewController.swift in Sources */,
				845E695B278F0C8A00BF087F /* RecipeDetailsViewController.swift in Sources */,
				84B11182278E3E0400B71776 /* HomeViewController.swift in Sources */,
				845E696E27916AC500BF087F /* BookmarksTableViewController.swift in Sources */,
				84B1117E278E3E0400B71776 /* AppDelegate.swift in Sources */,
				84B11188278E3E0400B71776 /* lettuce_cook.xcdatamodeld in Sources */,
				845E69722791908400BF087F /* RecipeTableViewCell.swift in Sources */,
				84B11180278E3E0400B71776 /* SceneDelegate.swift in Sources */,
			);
			runOnlyForDeploymentPostprocessing = 0;
		};
/* End PBXSourcesBuildPhase section */

/* Begin PBXVariantGroup section */
		84B11183278E3E0400B71776 /* Main.storyboard */ = {
			isa = PBXVariantGroup;
			children = (
				84B11184278E3E0400B71776 /* Base */,
			);
			name = Main.storyboard;
			sourceTree = "<group>";
		};
		84B1118B278E3E0700B71776 /* LaunchScreen.storyboard */ = {
			isa = PBXVariantGroup;
			children = (
				84B1118C278E3E0700B71776 /* Base */,
			);
			name = LaunchScreen.storyboard;
			sourceTree = "<group>";
		};
/* End PBXVariantGroup section */

/* Begin XCBuildConfiguration section */
		84B1118F278E3E0700B71776 /* Debug */ = {
			isa = XCBuildConfiguration;
			buildSettings = {
				ALWAYS_SEARCH_USER_PATHS = NO;
				CLANG_ANALYZER_NONNULL = YES;
				CLANG_ANALYZER_NUMBER_OBJECT_CONVERSION = YES_AGGRESSIVE;
				CLANG_CXX_LANGUAGE_STANDARD = "gnu++17";
				CLANG_CXX_LIBRARY = "libc++";
				CLANG_ENABLE_MODULES = YES;
				CLANG_ENABLE_OBJC_ARC = YES;
				CLANG_ENABLE_OBJC_WEAK = YES;
				CLANG_WARN_BLOCK_CAPTURE_AUTORELEASING = YES;
				CLANG_WARN_BOOL_CONVERSION = YES;
				CLANG_WARN_COMMA = YES;
				CLANG_WARN_CONSTANT_CONVERSION = YES;
				CLANG_WARN_DEPRECATED_OBJC_IMPLEMENTATIONS = YES;
				CLANG_WARN_DIRECT_OBJC_ISA_USAGE = YES_ERROR;
				CLANG_WARN_DOCUMENTATION_COMMENTS = YES;
				CLANG_WARN_EMPTY_BODY = YES;
				CLANG_WARN_ENUM_CONVERSION = YES;
				CLANG_WARN_INFINITE_RECURSION = YES;
				CLANG_WARN_INT_CONVERSION = YES;
				CLANG_WARN_NON_LITERAL_NULL_CONVERSION = YES;
				CLANG_WARN_OBJC_IMPLICIT_RETAIN_SELF = YES;
				CLANG_WARN_OBJC_LITERAL_CONVERSION = YES;
				CLANG_WARN_OBJC_ROOT_CLASS = YES_ERROR;
				CLANG_WARN_QUOTED_INCLUDE_IN_FRAMEWORK_HEADER = YES;
				CLANG_WARN_RANGE_LOOP_ANALYSIS = YES;
				CLANG_WARN_STRICT_PROTOTYPES = YES;
				CLANG_WARN_SUSPICIOUS_MOVE = YES;
				CLANG_WARN_UNGUARDED_AVAILABILITY = YES_AGGRESSIVE;
				CLANG_WARN_UNREACHABLE_CODE = YES;
				CLANG_WARN__DUPLICATE_METHOD_MATCH = YES;
				COPY_PHASE_STRIP = NO;
				DEBUG_INFORMATION_FORMAT = dwarf;
				ENABLE_STRICT_OBJC_MSGSEND = YES;
				ENABLE_TESTABILITY = YES;
				GCC_C_LANGUAGE_STANDARD = gnu11;
				GCC_DYNAMIC_NO_PIC = NO;
				GCC_NO_COMMON_BLOCKS = YES;
				GCC_OPTIMIZATION_LEVEL = 0;
				GCC_PREPROCESSOR_DEFINITIONS = (
					"DEBUG=1",
					"$(inherited)",
				);
				GCC_WARN_64_TO_32_BIT_CONVERSION = YES;
				GCC_WARN_ABOUT_RETURN_TYPE = YES_ERROR;
				GCC_WARN_UNDECLARED_SELECTOR = YES;
				GCC_WARN_UNINITIALIZED_AUTOS = YES_AGGRESSIVE;
				GCC_WARN_UNUSED_FUNCTION = YES;
				GCC_WARN_UNUSED_VARIABLE = YES;
				IPHONEOS_DEPLOYMENT_TARGET = 15.2;
				MTL_ENABLE_DEBUG_INFO = INCLUDE_SOURCE;
				MTL_FAST_MATH = YES;
				ONLY_ACTIVE_ARCH = YES;
				SDKROOT = iphoneos;
				SWIFT_ACTIVE_COMPILATION_CONDITIONS = DEBUG;
				SWIFT_OPTIMIZATION_LEVEL = "-Onone";
			};
			name = Debug;
		};
		84B11190278E3E0700B71776 /* Release */ = {
			isa = XCBuildConfiguration;
			buildSettings = {
				ALWAYS_SEARCH_USER_PATHS = NO;
				CLANG_ANALYZER_NONNULL = YES;
				CLANG_ANALYZER_NUMBER_OBJECT_CONVERSION = YES_AGGRESSIVE;
				CLANG_CXX_LANGUAGE_STANDARD = "gnu++17";
				CLANG_CXX_LIBRARY = "libc++";
				CLANG_ENABLE_MODULES = YES;
				CLANG_ENABLE_OBJC_ARC = YES;
				CLANG_ENABLE_OBJC_WEAK = YES;
				CLANG_WARN_BLOCK_CAPTURE_AUTORELEASING = YES;
				CLANG_WARN_BOOL_CONVERSION = YES;
				CLANG_WARN_COMMA = YES;
				CLANG_WARN_CONSTANT_CONVERSION = YES;
				CLANG_WARN_DEPRECATED_OBJC_IMPLEMENTATIONS = YES;
				CLANG_WARN_DIRECT_OBJC_ISA_USAGE = YES_ERROR;
				CLANG_WARN_DOCUMENTATION_COMMENTS = YES;
				CLANG_WARN_EMPTY_BODY = YES;
				CLANG_WARN_ENUM_CONVERSION = YES;
				CLANG_WARN_INFINITE_RECURSION = YES;
				CLANG_WARN_INT_CONVERSION = YES;
				CLANG_WARN_NON_LITERAL_NULL_CONVERSION = YES;
				CLANG_WARN_OBJC_IMPLICIT_RETAIN_SELF = YES;
				CLANG_WARN_OBJC_LITERAL_CONVERSION = YES;
				CLANG_WARN_OBJC_ROOT_CLASS = YES_ERROR;
				CLANG_WARN_QUOTED_INCLUDE_IN_FRAMEWORK_HEADER = YES;
				CLANG_WARN_RANGE_LOOP_ANALYSIS = YES;
				CLANG_WARN_STRICT_PROTOTYPES = YES;
				CLANG_WARN_SUSPICIOUS_MOVE = YES;
				CLANG_WARN_UNGUARDED_AVAILABILITY = YES_AGGRESSIVE;
				CLANG_WARN_UNREACHABLE_CODE = YES;
				CLANG_WARN__DUPLICATE_METHOD_MATCH = YES;
				COPY_PHASE_STRIP = NO;
				DEBUG_INFORMATION_FORMAT = "dwarf-with-dsym";
				ENABLE_NS_ASSERTIONS = NO;
				ENABLE_STRICT_OBJC_MSGSEND = YES;
				GCC_C_LANGUAGE_STANDARD = gnu11;
				GCC_NO_COMMON_BLOCKS = YES;
				GCC_WARN_64_TO_32_BIT_CONVERSION = YES;
				GCC_WARN_ABOUT_RETURN_TYPE = YES_ERROR;
				GCC_WARN_UNDECLARED_SELECTOR = YES;
				GCC_WARN_UNINITIALIZED_AUTOS = YES_AGGRESSIVE;
				GCC_WARN_UNUSED_FUNCTION = YES;
				GCC_WARN_UNUSED_VARIABLE = YES;
				IPHONEOS_DEPLOYMENT_TARGET = 15.2;
				MTL_ENABLE_DEBUG_INFO = NO;
				MTL_FAST_MATH = YES;
				SDKROOT = iphoneos;
				SWIFT_COMPILATION_MODE = wholemodule;
				SWIFT_OPTIMIZATION_LEVEL = "-O";
				VALIDATE_PRODUCT = YES;
			};
			name = Release;
		};
		84B11192278E3E0700B71776 /* Debug */ = {
			isa = XCBuildConfiguration;
			baseConfigurationReference = 5AEEB46E8596219B5CC89170 /* Pods-lettuce-cook.debug.xcconfig */;
			buildSettings = {
				ASSETCATALOG_COMPILER_APPICON_NAME = AppIcon;
				ASSETCATALOG_COMPILER_GLOBAL_ACCENT_COLOR_NAME = AccentColor;
				CODE_SIGN_STYLE = Automatic;
				CURRENT_PROJECT_VERSION = 1;
				GENERATE_INFOPLIST_FILE = YES;
				INFOPLIST_FILE = "lettuce-cook/Info.plist";
				INFOPLIST_KEY_CFBundleDisplayName = LettuceCook;
				INFOPLIST_KEY_UIApplicationSupportsIndirectInputEvents = YES;
				INFOPLIST_KEY_UILaunchStoryboardName = LaunchScreen;
				INFOPLIST_KEY_UIMainStoryboardFile = Main;
				INFOPLIST_KEY_UISupportedInterfaceOrientations_iPad = "UIInterfaceOrientationPortrait UIInterfaceOrientationPortraitUpsideDown UIInterfaceOrientationLandscapeLeft UIInterfaceOrientationLandscapeRight";
				INFOPLIST_KEY_UISupportedInterfaceOrientations_iPhone = "UIInterfaceOrientationPortrait UIInterfaceOrientationLandscapeLeft UIInterfaceOrientationLandscapeRight";
				LD_RUNPATH_SEARCH_PATHS = (
					"$(inherited)",
					"@executable_path/Frameworks",
				);
				MARKETING_VERSION = 1.0;
				PRODUCT_BUNDLE_IDENTIFIER = "sg.mad2.lettuce-cook";
				PRODUCT_NAME = "$(TARGET_NAME)";
				SWIFT_EMIT_LOC_STRINGS = YES;
				SWIFT_VERSION = 5.0;
				TARGETED_DEVICE_FAMILY = "1,2";
			};
			name = Debug;
		};
		84B11193278E3E0700B71776 /* Release */ = {
			isa = XCBuildConfiguration;
			baseConfigurationReference = 849882CA57AEE83748C3D932 /* Pods-lettuce-cook.release.xcconfig */;
			buildSettings = {
				ASSETCATALOG_COMPILER_APPICON_NAME = AppIcon;
				ASSETCATALOG_COMPILER_GLOBAL_ACCENT_COLOR_NAME = AccentColor;
				CODE_SIGN_STYLE = Automatic;
				CURRENT_PROJECT_VERSION = 1;
				GENERATE_INFOPLIST_FILE = YES;
				INFOPLIST_FILE = "lettuce-cook/Info.plist";
				INFOPLIST_KEY_CFBundleDisplayName = LettuceCook;
				INFOPLIST_KEY_UIApplicationSupportsIndirectInputEvents = YES;
				INFOPLIST_KEY_UILaunchStoryboardName = LaunchScreen;
				INFOPLIST_KEY_UIMainStoryboardFile = Main;
				INFOPLIST_KEY_UISupportedInterfaceOrientations_iPad = "UIInterfaceOrientationPortrait UIInterfaceOrientationPortraitUpsideDown UIInterfaceOrientationLandscapeLeft UIInterfaceOrientationLandscapeRight";
				INFOPLIST_KEY_UISupportedInterfaceOrientations_iPhone = "UIInterfaceOrientationPortrait UIInterfaceOrientationLandscapeLeft UIInterfaceOrientationLandscapeRight";
				LD_RUNPATH_SEARCH_PATHS = (
					"$(inherited)",
					"@executable_path/Frameworks",
				);
				MARKETING_VERSION = 1.0;
				PRODUCT_BUNDLE_IDENTIFIER = "sg.mad2.lettuce-cook";
				PRODUCT_NAME = "$(TARGET_NAME)";
				SWIFT_EMIT_LOC_STRINGS = YES;
				SWIFT_VERSION = 5.0;
				TARGETED_DEVICE_FAMILY = "1,2";
			};
			name = Release;
		};
/* End XCBuildConfiguration section */

/* Begin XCConfigurationList section */
		84B11175278E3E0400B71776 /* Build configuration list for PBXProject "lettuce-cook" */ = {
			isa = XCConfigurationList;
			buildConfigurations = (
				84B1118F278E3E0700B71776 /* Debug */,
				84B11190278E3E0700B71776 /* Release */,
			);
			defaultConfigurationIsVisible = 0;
			defaultConfigurationName = Release;
		};
		84B11191278E3E0700B71776 /* Build configuration list for PBXNativeTarget "lettuce-cook" */ = {
			isa = XCConfigurationList;
			buildConfigurations = (
				84B11192278E3E0700B71776 /* Debug */,
				84B11193278E3E0700B71776 /* Release */,
			);
			defaultConfigurationIsVisible = 0;
			defaultConfigurationName = Release;
		};
/* End XCConfigurationList section */

/* Begin XCVersionGroup section */
		84B11186278E3E0400B71776 /* lettuce_cook.xcdatamodeld */ = {
			isa = XCVersionGroup;
			children = (
				84B11187278E3E0400B71776 /* lettuce_cook.xcdatamodel */,
			);
			currentVersion = 84B11187278E3E0400B71776 /* lettuce_cook.xcdatamodel */;
			path = lettuce_cook.xcdatamodeld;
			sourceTree = "<group>";
			versionGroupType = wrapper.xcdatamodel;
		};
/* End XCVersionGroup section */
	};
	rootObject = 84B11172278E3E0400B71776 /* Project object */;
}
